PODS:
  - Alamofire (3.2.1)
  - FLAnimatedImage (1.0.12)
  - Gloss (0.7.1)
  - PINCache (2.2.2)
  - PINRemoteImage (2.1.1):
    - PINRemoteImage/FLAnimatedImage (= 2.1.1)
  - PINRemoteImage/Core (2.1.1):
    - PINCache (>= 2.1)
  - PINRemoteImage/FLAnimatedImage (2.1.1):
    - FLAnimatedImage (>= 1.0)
    - PINRemoteImage/Core

DEPENDENCIES:
  - Alamofire (~> 3.0)
  - Gloss (~> 0.7)
  - PINRemoteImage (~> 2.1)

SPEC CHECKSUMS:
  Alamofire: f11d8624a05f5d39e0c99309b3e600a3ba64298a
  FLAnimatedImage: 4a0b56255d9b05f18b6dd7ee06871be5d3b89e31
  Gloss: e674d7aa06a7e292a591d0d39a759b826daf503e
  PINCache: 078426d356ab95ef875e9e62e5c35a2ea3333c28
  PINRemoteImage: 0c620b392a2a41a0a14f143107bbb0596f73dd23

PODFILE CHECKSUM: 853c501df8ca6f8ae10e0bf9598f5cdaa6d77502

COCOAPODS: 1.0.0.beta.5
