// !$*UTF8*$!
{
	archiveVersion = 1;
	classes = {
	};
	objectVersion = 47;
	objects = {

/* Begin PBXBuildFile section */
		77DA978B74205B4E520CBB47 /* Pods_WIMB.framework in Frameworks */ = {isa = PBXBuildFile; fileRef = 7AE031FA061FADEA3C40AF91 /* Pods_WIMB.framework */; };
		81BA814B1A49DA1800E65899 /* AppDelegate.swift in Sources */ = {isa = PBXBuildFile; fileRef = 81BA814A1A49DA1800E65899 /* AppDelegate.swift */; };
		81BA81701A49DB6800E65899 /* Bolts.framework in Frameworks */ = {isa = PBXBuildFile; fileRef = 81BA816B1A49DB6800E65899 /* Bolts.framework */; };
		81BA81711A49DB6800E65899 /* Parse.framework in Frameworks */ = {isa = PBXBuildFile; fileRef = 81BA816C1A49DB6800E65899 /* Parse.framework */; };
		81BA81771A49E0D500E65899 /* libsqlite3.dylib in Frameworks */ = {isa = PBXBuildFile; fileRef = 81BA81761A49E0D500E65899 /* libsqlite3.dylib */; };
		81BA81791A49E0DB00E65899 /* AudioToolbox.framework in Frameworks */ = {isa = PBXBuildFile; fileRef = 81BA81781A49E0DB00E65899 /* AudioToolbox.framework */; };
		81BA817B1A49E0E500E65899 /* SystemConfiguration.framework in Frameworks */ = {isa = PBXBuildFile; fileRef = 81BA817A1A49E0E500E65899 /* SystemConfiguration.framework */; };
		81BA817F1A49E0F000E65899 /* libstdc++.6.dylib in Frameworks */ = {isa = PBXBuildFile; fileRef = 81BA817E1A49E0F000E65899 /* libstdc++.6.dylib */; };
		AD45BDB71C417CD7007BD1B8 /* ScanBookViewController.swift in Sources */ = {isa = PBXBuildFile; fileRef = AD45BDB61C417CD7007BD1B8 /* ScanBookViewController.swift */; };
		AD45BDBB1C42B202007BD1B8 /* Book.swift in Sources */ = {isa = PBXBuildFile; fileRef = AD45BDBA1C42B202007BD1B8 /* Book.swift */; };
		AD4A6F971C9958A100358127 /* Tools.swift in Sources */ = {isa = PBXBuildFile; fileRef = AD4A6F961C9958A100358127 /* Tools.swift */; };
		AD5D78891CA01AF10076F850 /* No_image.png in Resources */ = {isa = PBXBuildFile; fileRef = AD5D78881CA01AF10076F850 /* No_image.png */; };
		ADACC62E1CA59E5D00385B72 /* UIImage+ImageEffects.m in Sources */ = {isa = PBXBuildFile; fileRef = ADACC6271CA59E5D00385B72 /* UIImage+ImageEffects.m */; };
		ADACC6301CA59E5D00385B72 /* ParallaxHeaderView.m in Sources */ = {isa = PBXBuildFile; fileRef = ADACC62B1CA59E5D00385B72 /* ParallaxHeaderView.m */; };
		ADACC6331CA5A14F00385B72 /* BookViewParallaxController.swift in Sources */ = {isa = PBXBuildFile; fileRef = ADACC6321CA5A14F00385B72 /* BookViewParallaxController.swift */; };
		ADEE9D951CA42B7C001FC2DA /* LibraryParallaxViewController.swift in Sources */ = {isa = PBXBuildFile; fileRef = ADEE9D941CA42B7C001FC2DA /* LibraryParallaxViewController.swift */; };
		ADEE9D971CA42BAD001FC2DA /* ParallaxCell.swift in Sources */ = {isa = PBXBuildFile; fileRef = ADEE9D961CA42BAD001FC2DA /* ParallaxCell.swift */; };
		ADEE9D9A1CA434CE001FC2DA /* libraryBG.jpeg in Resources */ = {isa = PBXBuildFile; fileRef = ADEE9D991CA434CE001FC2DA /* libraryBG.jpeg */; };
		ADFA85071C3C683B007D2945 /* LoginViewController.swift in Sources */ = {isa = PBXBuildFile; fileRef = ADFA85061C3C683B007D2945 /* LoginViewController.swift */; };
		F5002E601CA9155D007C7B33 /* Main.storyboard in Resources */ = {isa = PBXBuildFile; fileRef = F5002E5F1CA9155D007C7B33 /* Main.storyboard */; };
		F555132E1CA97676008AE5EE /* Images.xcassets in Resources */ = {isa = PBXBuildFile; fileRef = F555132D1CA97676008AE5EE /* Images.xcassets */; };
		F59D2C8F1CAA363800BBA50D /* EditionViewController.swift in Sources */ = {isa = PBXBuildFile; fileRef = F59D2C8E1CAA363800BBA50D /* EditionViewController.swift */; };
		F5C260AD1CA84E10009EA44C /* BookTableViewCell.swift in Sources */ = {isa = PBXBuildFile; fileRef = F5C260AC1CA84E10009EA44C /* BookTableViewCell.swift */; };
/* End PBXBuildFile section */

/* Begin PBXFileReference section */
		3E41549BFC6F00A6A443496B /* Pods-WIMB.release.xcconfig */ = {isa = PBXFileReference; includeInIndex = 1; lastKnownFileType = text.xcconfig; name = "Pods-WIMB.release.xcconfig"; path = "Pods/Target Support Files/Pods-WIMB/Pods-WIMB.release.xcconfig"; sourceTree = "<group>"; };
		649906093952C7AC5084BA93 /* Pods-WIMB.debug.xcconfig */ = {isa = PBXFileReference; includeInIndex = 1; lastKnownFileType = text.xcconfig; name = "Pods-WIMB.debug.xcconfig"; path = "Pods/Target Support Files/Pods-WIMB/Pods-WIMB.debug.xcconfig"; sourceTree = "<group>"; };
		7AE031FA061FADEA3C40AF91 /* Pods_WIMB.framework */ = {isa = PBXFileReference; explicitFileType = wrapper.framework; includeInIndex = 0; path = Pods_WIMB.framework; sourceTree = BUILT_PRODUCTS_DIR; };
		814C3AC91B69877600E307BB /* Info.plist */ = {isa = PBXFileReference; fileEncoding = 4; lastKnownFileType = text.plist.xml; path = Info.plist; sourceTree = "<group>"; };
		81BA81451A49DA1800E65899 /* WIMB.app */ = {isa = PBXFileReference; explicitFileType = wrapper.application; includeInIndex = 0; path = WIMB.app; sourceTree = BUILT_PRODUCTS_DIR; };
		81BA814A1A49DA1800E65899 /* AppDelegate.swift */ = {isa = PBXFileReference; lastKnownFileType = sourcecode.swift; path = AppDelegate.swift; sourceTree = "<group>"; };
		81BA816B1A49DB6800E65899 /* Bolts.framework */ = {isa = PBXFileReference; lastKnownFileType = wrapper.framework; path = Bolts.framework; sourceTree = "<group>"; };
		81BA816C1A49DB6800E65899 /* Parse.framework */ = {isa = PBXFileReference; lastKnownFileType = wrapper.framework; path = Parse.framework; sourceTree = "<group>"; };
		81BA816D1A49DB6800E65899 /* ParseCrashReporting.framework */ = {isa = PBXFileReference; lastKnownFileType = wrapper.framework; path = ParseCrashReporting.framework; sourceTree = "<group>"; };
		81BA816E1A49DB6800E65899 /* ParseFacebookUtils.framework */ = {isa = PBXFileReference; lastKnownFileType = wrapper.framework; path = ParseFacebookUtils.framework; sourceTree = "<group>"; };
		81BA81761A49E0D500E65899 /* libsqlite3.dylib */ = {isa = PBXFileReference; lastKnownFileType = "compiled.mach-o.dylib"; name = libsqlite3.dylib; path = usr/lib/libsqlite3.dylib; sourceTree = SDKROOT; };
		81BA81781A49E0DB00E65899 /* AudioToolbox.framework */ = {isa = PBXFileReference; lastKnownFileType = wrapper.framework; name = AudioToolbox.framework; path = System/Library/Frameworks/AudioToolbox.framework; sourceTree = SDKROOT; };
		81BA817A1A49E0E500E65899 /* SystemConfiguration.framework */ = {isa = PBXFileReference; lastKnownFileType = wrapper.framework; name = SystemConfiguration.framework; path = System/Library/Frameworks/SystemConfiguration.framework; sourceTree = SDKROOT; };
		81BA817E1A49E0F000E65899 /* libstdc++.6.dylib */ = {isa = PBXFileReference; lastKnownFileType = "compiled.mach-o.dylib"; name = "libstdc++.6.dylib"; path = "usr/lib/libstdc++.6.dylib"; sourceTree = SDKROOT; };
		81BA81801A49E10C00E65899 /* ParseUI.framework */ = {isa = PBXFileReference; lastKnownFileType = wrapper.framework; path = ParseUI.framework; sourceTree = "<group>"; };
		AD45BDB61C417CD7007BD1B8 /* ScanBookViewController.swift */ = {isa = PBXFileReference; fileEncoding = 4; lastKnownFileType = sourcecode.swift; path = ScanBookViewController.swift; sourceTree = "<group>"; };
		AD45BDBA1C42B202007BD1B8 /* Book.swift */ = {isa = PBXFileReference; fileEncoding = 4; lastKnownFileType = sourcecode.swift; path = Book.swift; sourceTree = "<group>"; };
		AD4A6F961C9958A100358127 /* Tools.swift */ = {isa = PBXFileReference; fileEncoding = 4; lastKnownFileType = sourcecode.swift; path = Tools.swift; sourceTree = "<group>"; };
		AD5D78881CA01AF10076F850 /* No_image.png */ = {isa = PBXFileReference; lastKnownFileType = image.png; path = No_image.png; sourceTree = "<group>"; };
		ADACC6251CA59E5C00385B72 /* WIMB-Bridging-Header.h */ = {isa = PBXFileReference; lastKnownFileType = sourcecode.c.h; path = "WIMB-Bridging-Header.h"; sourceTree = "<group>"; };
		ADACC6261CA59E5D00385B72 /* UIImage+ImageEffects.h */ = {isa = PBXFileReference; fileEncoding = 4; lastKnownFileType = sourcecode.c.h; path = "UIImage+ImageEffects.h"; sourceTree = "<group>"; };
		ADACC6271CA59E5D00385B72 /* UIImage+ImageEffects.m */ = {isa = PBXFileReference; fileEncoding = 4; lastKnownFileType = sourcecode.c.objc; path = "UIImage+ImageEffects.m"; sourceTree = "<group>"; };
		ADACC62A1CA59E5D00385B72 /* ParallaxHeaderView.h */ = {isa = PBXFileReference; fileEncoding = 4; lastKnownFileType = sourcecode.c.h; path = ParallaxHeaderView.h; sourceTree = "<group>"; };
		ADACC62B1CA59E5D00385B72 /* ParallaxHeaderView.m */ = {isa = PBXFileReference; fileEncoding = 4; lastKnownFileType = sourcecode.c.objc; path = ParallaxHeaderView.m; sourceTree = "<group>"; };
		ADACC6321CA5A14F00385B72 /* BookViewParallaxController.swift */ = {isa = PBXFileReference; fileEncoding = 4; lastKnownFileType = sourcecode.swift; path = BookViewParallaxController.swift; sourceTree = "<group>"; };
		ADEE9D941CA42B7C001FC2DA /* LibraryParallaxViewController.swift */ = {isa = PBXFileReference; fileEncoding = 4; lastKnownFileType = sourcecode.swift; path = LibraryParallaxViewController.swift; sourceTree = "<group>"; };
		ADEE9D961CA42BAD001FC2DA /* ParallaxCell.swift */ = {isa = PBXFileReference; fileEncoding = 4; lastKnownFileType = sourcecode.swift; path = ParallaxCell.swift; sourceTree = "<group>"; };
		ADEE9D991CA434CE001FC2DA /* libraryBG.jpeg */ = {isa = PBXFileReference; lastKnownFileType = image.jpeg; path = libraryBG.jpeg; sourceTree = "<group>"; };
		ADFA85061C3C683B007D2945 /* LoginViewController.swift */ = {isa = PBXFileReference; fileEncoding = 4; lastKnownFileType = sourcecode.swift; path = LoginViewController.swift; sourceTree = "<group>"; };
		F5002E5F1CA9155D007C7B33 /* Main.storyboard */ = {isa = PBXFileReference; fileEncoding = 4; lastKnownFileType = file.storyboard; path = Main.storyboard; sourceTree = "<group>"; };
		F555132D1CA97676008AE5EE /* Images.xcassets */ = {isa = PBXFileReference; lastKnownFileType = folder.assetcatalog; path = Images.xcassets; sourceTree = "<group>"; };
		F59D2C8E1CAA363800BBA50D /* EditionViewController.swift */ = {isa = PBXFileReference; fileEncoding = 4; lastKnownFileType = sourcecode.swift; path = EditionViewController.swift; sourceTree = "<group>"; };
		F5C260AC1CA84E10009EA44C /* BookTableViewCell.swift */ = {isa = PBXFileReference; fileEncoding = 4; lastKnownFileType = sourcecode.swift; path = BookTableViewCell.swift; sourceTree = "<group>"; };
/* End PBXFileReference section */

/* Begin PBXFrameworksBuildPhase section */
		81BA81421A49DA1800E65899 /* Frameworks */ = {
			isa = PBXFrameworksBuildPhase;
			buildActionMask = 2147483647;
			files = (
				81BA817F1A49E0F000E65899 /* libstdc++.6.dylib in Frameworks */,
				81BA817B1A49E0E500E65899 /* SystemConfiguration.framework in Frameworks */,
				81BA81791A49E0DB00E65899 /* AudioToolbox.framework in Frameworks */,
				81BA81771A49E0D500E65899 /* libsqlite3.dylib in Frameworks */,
				81BA81711A49DB6800E65899 /* Parse.framework in Frameworks */,
				81BA81701A49DB6800E65899 /* Bolts.framework in Frameworks */,
				77DA978B74205B4E520CBB47 /* Pods_WIMB.framework in Frameworks */,
			);
			runOnlyForDeploymentPostprocessing = 0;
		};
/* End PBXFrameworksBuildPhase section */

/* Begin PBXGroup section */
		5DB4C4A6A0695406456DAA6F /* Pods */ = {
			isa = PBXGroup;
			children = (
				649906093952C7AC5084BA93 /* Pods-WIMB.debug.xcconfig */,
				3E41549BFC6F00A6A443496B /* Pods-WIMB.release.xcconfig */,
			);
			name = Pods;
			sourceTree = "<group>";
		};
		814C3AC51B69877600E307BB /* Resources */ = {
			isa = PBXGroup;
			children = (
				F555132D1CA97676008AE5EE /* Images.xcassets */,
				814C3AC91B69877600E307BB /* Info.plist */,
			);
			path = Resources;
			sourceTree = "<group>";
		};
		81BA813C1A49DA1800E65899 = {
			isa = PBXGroup;
			children = (
				81BA81471A49DA1800E65899 /* WIMB */,
				814C3AC51B69877600E307BB /* Resources */,
				81BA816A1A49DB5600E65899 /* Frameworks */,
				81BA81461A49DA1800E65899 /* Products */,
				5DB4C4A6A0695406456DAA6F /* Pods */,
			);
			sourceTree = "<group>";
		};
		81BA81461A49DA1800E65899 /* Products */ = {
			isa = PBXGroup;
			children = (
				81BA81451A49DA1800E65899 /* WIMB.app */,
			);
			name = Products;
			sourceTree = "<group>";
		};
		81BA81471A49DA1800E65899 /* WIMB */ = {
			isa = PBXGroup;
			children = (
				F5C2609B1CA7E232009EA44C /* Image */,
				AD10D85A1CA14D7F00E4EFCF /* View */,
				ADFA85031C3C5BF1007D2945 /* Model */,
				ADFA85051C3C5BFD007D2945 /* ViewController */,
				AD520D701C6B4FBB00EFD1D6 /* Controller */,
				81BA814A1A49DA1800E65899 /* AppDelegate.swift */,
				F5002E5F1CA9155D007C7B33 /* Main.storyboard */,
			);
			path = WIMB;
			sourceTree = "<group>";
		};
		81BA816A1A49DB5600E65899 /* Frameworks */ = {
			isa = PBXGroup;
			children = (
				81BA816B1A49DB6800E65899 /* Bolts.framework */,
				81BA816C1A49DB6800E65899 /* Parse.framework */,
				81BA816D1A49DB6800E65899 /* ParseCrashReporting.framework */,
				81BA816E1A49DB6800E65899 /* ParseFacebookUtils.framework */,
				81BA81801A49E10C00E65899 /* ParseUI.framework */,
				81BA81751A49E0C500E65899 /* System Frameworks */,
				7AE031FA061FADEA3C40AF91 /* Pods_WIMB.framework */,
			);
			name = Frameworks;
			sourceTree = "<group>";
		};
		81BA81751A49E0C500E65899 /* System Frameworks */ = {
			isa = PBXGroup;
			children = (
				81BA817E1A49E0F000E65899 /* libstdc++.6.dylib */,
				81BA817A1A49E0E500E65899 /* SystemConfiguration.framework */,
				81BA81781A49E0DB00E65899 /* AudioToolbox.framework */,
				81BA81761A49E0D500E65899 /* libsqlite3.dylib */,
			);
			name = "System Frameworks";
			sourceTree = "<group>";
		};
		AD10D85A1CA14D7F00E4EFCF /* View */ = {
			isa = PBXGroup;
			children = (
			);
			name = View;
			sourceTree = "<group>";
		};
		AD520D701C6B4FBB00EFD1D6 /* Controller */ = {
			isa = PBXGroup;
			children = (
			);
			name = Controller;
			sourceTree = "<group>";
		};
		ADACC6241CA59E3400385B72 /* ParallaxTableViewheader */ = {
			isa = PBXGroup;
			children = (
				ADACC6261CA59E5D00385B72 /* UIImage+ImageEffects.h */,
				ADACC6271CA59E5D00385B72 /* UIImage+ImageEffects.m */,
				ADACC62A1CA59E5D00385B72 /* ParallaxHeaderView.h */,
				ADACC62B1CA59E5D00385B72 /* ParallaxHeaderView.m */,
				ADACC6251CA59E5C00385B72 /* WIMB-Bridging-Header.h */,
			);
			name = ParallaxTableViewheader;
			sourceTree = "<group>";
		};
		ADEE9D981CA43236001FC2DA /* LibraryVC */ = {
			isa = PBXGroup;
			children = (
				ADEE9D941CA42B7C001FC2DA /* LibraryParallaxViewController.swift */,
				ADEE9D961CA42BAD001FC2DA /* ParallaxCell.swift */,
			);
			name = LibraryVC;
			sourceTree = "<group>";
		};
		ADFA85031C3C5BF1007D2945 /* Model */ = {
			isa = PBXGroup;
			children = (
				AD45BDBA1C42B202007BD1B8 /* Book.swift */,
				AD4A6F961C9958A100358127 /* Tools.swift */,
			);
			name = Model;
			sourceTree = "<group>";
		};
		ADFA85051C3C5BFD007D2945 /* ViewController */ = {
			isa = PBXGroup;
			children = (
				F59D2C901CAB201400BBA50D /* EditionVC */,
				ADACC6241CA59E3400385B72 /* ParallaxTableViewheader */,
				ADEE9D981CA43236001FC2DA /* LibraryVC */,
				F555132A1CA95CA9008AE5EE /* LoginVC */,
				F55513291CA95C94008AE5EE /* ScanBookVC */,
				F5C260A91CA84DB5009EA44C /* BookViewVC */,
			);
			name = ViewController;
			sourceTree = "<group>";
		};
		F55513291CA95C94008AE5EE /* ScanBookVC */ = {
			isa = PBXGroup;
			children = (
				AD45BDB61C417CD7007BD1B8 /* ScanBookViewController.swift */,
			);
			name = ScanBookVC;
			sourceTree = "<group>";
		};
		F555132A1CA95CA9008AE5EE /* LoginVC */ = {
			isa = PBXGroup;
			children = (
				ADFA85061C3C683B007D2945 /* LoginViewController.swift */,
			);
			name = LoginVC;
			sourceTree = "<group>";
		};
		F59D2C901CAB201400BBA50D /* EditionVC */ = {
			isa = PBXGroup;
			children = (
				F59D2C8E1CAA363800BBA50D /* EditionViewController.swift */,
			);
			name = EditionVC;
			sourceTree = "<group>";
		};
		F5C2609B1CA7E232009EA44C /* Image */ = {
			isa = PBXGroup;
			children = (
				AD5D78881CA01AF10076F850 /* No_image.png */,
				ADEE9D991CA434CE001FC2DA /* libraryBG.jpeg */,
			);
			name = Image;
			sourceTree = "<group>";
		};
		F5C260A91CA84DB5009EA44C /* BookViewVC */ = {
			isa = PBXGroup;
			children = (
				ADACC6321CA5A14F00385B72 /* BookViewParallaxController.swift */,
				F5C260AC1CA84E10009EA44C /* BookTableViewCell.swift */,
			);
			name = BookViewVC;
			sourceTree = "<group>";
		};
/* End PBXGroup section */

/* Begin PBXNativeTarget section */
		81BA81441A49DA1800E65899 /* WIMB */ = {
			isa = PBXNativeTarget;
			buildConfigurationList = 81BA81641A49DA1800E65899 /* Build configuration list for PBXNativeTarget "WIMB" */;
			buildPhases = (
				508EC32E68A8BC0336056C59 /* 📦 Check Pods Manifest.lock */,
				81BA81411A49DA1800E65899 /* Sources */,
				81BA81421A49DA1800E65899 /* Frameworks */,
				81BA81431A49DA1800E65899 /* Resources */,
				81CC85E11A49F6D40076DE19 /* Upload Symbol Files */,
				F829C2F0C6AC0DB62E5A0477 /* 📦 Embed Pods Frameworks */,
				62C10CB16BEA41863151B69B /* 📦 Copy Pods Resources */,
			);
			buildRules = (
			);
			dependencies = (
			);
			name = WIMB;
			productName = ParseStarterProject;
			productReference = 81BA81451A49DA1800E65899 /* WIMB.app */;
			productType = "com.apple.product-type.application";
		};
/* End PBXNativeTarget section */

/* Begin PBXProject section */
		81BA813D1A49DA1800E65899 /* Project object */ = {
			isa = PBXProject;
			attributes = {
				LastSwiftUpdateCheck = 0730;
				LastUpgradeCheck = 0730;
				ORGANIZATIONNAME = gfelot;
				TargetAttributes = {
					81BA81441A49DA1800E65899 = {
						CreatedOnToolsVersion = 6.1.1;
						DevelopmentTeam = UX84TU57BF;
					};
				};
			};
			buildConfigurationList = 81BA81401A49DA1800E65899 /* Build configuration list for PBXProject "WIMB" */;
			compatibilityVersion = "Xcode 6.3";
			developmentRegion = English;
			hasScannedForEncodings = 0;
			knownRegions = (
				en,
				Base,
			);
			mainGroup = 81BA813C1A49DA1800E65899;
			productRefGroup = 81BA81461A49DA1800E65899 /* Products */;
			projectDirPath = "";
			projectRoot = "";
			targets = (
				81BA81441A49DA1800E65899 /* WIMB */,
			);
		};
/* End PBXProject section */

/* Begin PBXResourcesBuildPhase section */
		81BA81431A49DA1800E65899 /* Resources */ = {
			isa = PBXResourcesBuildPhase;
			buildActionMask = 2147483647;
			files = (
				AD5D78891CA01AF10076F850 /* No_image.png in Resources */,
				F555132E1CA97676008AE5EE /* Images.xcassets in Resources */,
				ADEE9D9A1CA434CE001FC2DA /* libraryBG.jpeg in Resources */,
				F5002E601CA9155D007C7B33 /* Main.storyboard in Resources */,
			);
			runOnlyForDeploymentPostprocessing = 0;
		};
/* End PBXResourcesBuildPhase section */

/* Begin PBXShellScriptBuildPhase section */
		508EC32E68A8BC0336056C59 /* 📦 Check Pods Manifest.lock */ = {
			isa = PBXShellScriptBuildPhase;
			buildActionMask = 2147483647;
			files = (
			);
			inputPaths = (
			);
			name = "📦 Check Pods Manifest.lock";
			outputPaths = (
			);
			runOnlyForDeploymentPostprocessing = 0;
			shellPath = /bin/sh;
			shellScript = "diff \"${PODS_ROOT}/../Podfile.lock\" \"${PODS_ROOT}/Manifest.lock\" > /dev/null\nif [[ $? != 0 ]] ; then\n    cat << EOM\nerror: The sandbox is not in sync with the Podfile.lock. Run 'pod install' or update your CocoaPods installation.\nEOM\n    exit 1\nfi\n";
			showEnvVarsInLog = 0;
		};
		62C10CB16BEA41863151B69B /* 📦 Copy Pods Resources */ = {
			isa = PBXShellScriptBuildPhase;
			buildActionMask = 2147483647;
			files = (
			);
			inputPaths = (
			);
			name = "📦 Copy Pods Resources";
			outputPaths = (
			);
			runOnlyForDeploymentPostprocessing = 0;
			shellPath = /bin/sh;
			shellScript = "\"${SRCROOT}/Pods/Target Support Files/Pods-WIMB/Pods-WIMB-resources.sh\"\n";
			showEnvVarsInLog = 0;
		};
		81CC85E11A49F6D40076DE19 /* Upload Symbol Files */ = {
			isa = PBXShellScriptBuildPhase;
			buildActionMask = 2147483647;
			files = (
			);
			inputPaths = (
			);
			name = "Upload Symbol Files";
			outputPaths = (
			);
			runOnlyForDeploymentPostprocessing = 0;
			shellPath = /bin/sh;
			shellScript = "# This script will upload symbol files for your application,\n# so all your crash reports are going to be symbolicated\n\n# Important!\n# Before using the script, please initialize CloudCode folder and replace <path_to_cloudcode_folder> with the path to it\n#\n# Read more on Parse.com - https://parse.com/apps/quickstart#analytics/crashreporting/ios/\n############################################################\n\n\n# export PATH=/usr/local/bin:$PATH\n# cd <path_to_cloudcode_folder>\n\n# parse symbols -p \"${DWARF_DSYM_FOLDER_PATH}/${DWARF_DSYM_FILE_NAME}\"\n";
		};
		F829C2F0C6AC0DB62E5A0477 /* 📦 Embed Pods Frameworks */ = {
			isa = PBXShellScriptBuildPhase;
			buildActionMask = 2147483647;
			files = (
			);
			inputPaths = (
			);
			name = "📦 Embed Pods Frameworks";
			outputPaths = (
			);
			runOnlyForDeploymentPostprocessing = 0;
			shellPath = /bin/sh;
			shellScript = "\"${SRCROOT}/Pods/Target Support Files/Pods-WIMB/Pods-WIMB-frameworks.sh\"\n";
			showEnvVarsInLog = 0;
		};
/* End PBXShellScriptBuildPhase section */

/* Begin PBXSourcesBuildPhase section */
		81BA81411A49DA1800E65899 /* Sources */ = {
			isa = PBXSourcesBuildPhase;
			buildActionMask = 2147483647;
			files = (
				ADFA85071C3C683B007D2945 /* LoginViewController.swift in Sources */,
				F59D2C8F1CAA363800BBA50D /* EditionViewController.swift in Sources */,
				ADACC6301CA59E5D00385B72 /* ParallaxHeaderView.m in Sources */,
				ADACC6331CA5A14F00385B72 /* BookViewParallaxController.swift in Sources */,
				F5C260AD1CA84E10009EA44C /* BookTableViewCell.swift in Sources */,
				ADACC62E1CA59E5D00385B72 /* UIImage+ImageEffects.m in Sources */,
				AD45BDB71C417CD7007BD1B8 /* ScanBookViewController.swift in Sources */,
				ADEE9D971CA42BAD001FC2DA /* ParallaxCell.swift in Sources */,
				AD4A6F971C9958A100358127 /* Tools.swift in Sources */,
				AD45BDBB1C42B202007BD1B8 /* Book.swift in Sources */,
				ADEE9D951CA42B7C001FC2DA /* LibraryParallaxViewController.swift in Sources */,
				81BA814B1A49DA1800E65899 /* AppDelegate.swift in Sources */,
			);
			runOnlyForDeploymentPostprocessing = 0;
		};
/* End PBXSourcesBuildPhase section */

/* Begin XCBuildConfiguration section */
		81BA81621A49DA1800E65899 /* Debug */ = {
			isa = XCBuildConfiguration;
			buildSettings = {
				ALWAYS_SEARCH_USER_PATHS = NO;
				CLANG_CXX_LANGUAGE_STANDARD = "gnu++0x";
				CLANG_CXX_LIBRARY = "libc++";
				CLANG_ENABLE_MODULES = YES;
				CLANG_ENABLE_OBJC_ARC = YES;
				CLANG_WARN_BOOL_CONVERSION = YES;
				CLANG_WARN_CONSTANT_CONVERSION = YES;
				CLANG_WARN_DIRECT_OBJC_ISA_USAGE = YES_ERROR;
				CLANG_WARN_EMPTY_BODY = YES;
				CLANG_WARN_ENUM_CONVERSION = YES;
				CLANG_WARN_INT_CONVERSION = YES;
				CLANG_WARN_OBJC_ROOT_CLASS = YES_ERROR;
				CLANG_WARN_UNREACHABLE_CODE = YES;
				CLANG_WARN__DUPLICATE_METHOD_MATCH = YES;
				"CODE_SIGN_IDENTITY[sdk=iphoneos*]" = "iPhone Developer";
				COPY_PHASE_STRIP = NO;
				ENABLE_STRICT_OBJC_MSGSEND = YES;
				ENABLE_TESTABILITY = YES;
				GCC_C_LANGUAGE_STANDARD = gnu99;
				GCC_DYNAMIC_NO_PIC = NO;
				GCC_OPTIMIZATION_LEVEL = 0;
				GCC_PREPROCESSOR_DEFINITIONS = (
					"DEBUG=1",
					"$(inherited)",
				);
				GCC_SYMBOLS_PRIVATE_EXTERN = NO;
				GCC_WARN_64_TO_32_BIT_CONVERSION = YES;
				GCC_WARN_ABOUT_RETURN_TYPE = YES_ERROR;
				GCC_WARN_UNDECLARED_SELECTOR = YES;
				GCC_WARN_UNINITIALIZED_AUTOS = YES_AGGRESSIVE;
				GCC_WARN_UNUSED_FUNCTION = YES;
				GCC_WARN_UNUSED_VARIABLE = YES;
				IPHONEOS_DEPLOYMENT_TARGET = 7.0;
				MTL_ENABLE_DEBUG_INFO = YES;
				ONLY_ACTIVE_ARCH = YES;
				SDKROOT = iphoneos;
				SWIFT_OPTIMIZATION_LEVEL = "-Onone";
				TARGETED_DEVICE_FAMILY = "1,2";
			};
			name = Debug;
		};
		81BA81631A49DA1800E65899 /* Release */ = {
			isa = XCBuildConfiguration;
			buildSettings = {
				ALWAYS_SEARCH_USER_PATHS = NO;
				CLANG_CXX_LANGUAGE_STANDARD = "gnu++0x";
				CLANG_CXX_LIBRARY = "libc++";
				CLANG_ENABLE_MODULES = YES;
				CLANG_ENABLE_OBJC_ARC = YES;
				CLANG_WARN_BOOL_CONVERSION = YES;
				CLANG_WARN_CONSTANT_CONVERSION = YES;
				CLANG_WARN_DIRECT_OBJC_ISA_USAGE = YES_ERROR;
				CLANG_WARN_EMPTY_BODY = YES;
				CLANG_WARN_ENUM_CONVERSION = YES;
				CLANG_WARN_INT_CONVERSION = YES;
				CLANG_WARN_OBJC_ROOT_CLASS = YES_ERROR;
				CLANG_WARN_UNREACHABLE_CODE = YES;
				CLANG_WARN__DUPLICATE_METHOD_MATCH = YES;
				"CODE_SIGN_IDENTITY[sdk=iphoneos*]" = "iPhone Developer";
				COPY_PHASE_STRIP = YES;
				ENABLE_NS_ASSERTIONS = NO;
				ENABLE_STRICT_OBJC_MSGSEND = YES;
				GCC_C_LANGUAGE_STANDARD = gnu99;
				GCC_WARN_64_TO_32_BIT_CONVERSION = YES;
				GCC_WARN_ABOUT_RETURN_TYPE = YES_ERROR;
				GCC_WARN_UNDECLARED_SELECTOR = YES;
				GCC_WARN_UNINITIALIZED_AUTOS = YES_AGGRESSIVE;
				GCC_WARN_UNUSED_FUNCTION = YES;
				GCC_WARN_UNUSED_VARIABLE = YES;
				IPHONEOS_DEPLOYMENT_TARGET = 7.0;
				MTL_ENABLE_DEBUG_INFO = NO;
				SDKROOT = iphoneos;
				TARGETED_DEVICE_FAMILY = "1,2";
				VALIDATE_PRODUCT = YES;
			};
			name = Release;
		};
		81BA81651A49DA1800E65899 /* Debug */ = {
			isa = XCBuildConfiguration;
			baseConfigurationReference = 649906093952C7AC5084BA93 /* Pods-WIMB.debug.xcconfig */;
			buildSettings = {
				ASSETCATALOG_COMPILER_APPICON_NAME = AppIcon;
				ASSETCATALOG_COMPILER_LAUNCHIMAGE_NAME = LaunchImage;
				CLANG_ENABLE_MODULES = YES;
				CODE_SIGN_IDENTITY = "iPhone Developer";
				FRAMEWORK_SEARCH_PATHS = (
					"$(inherited)",
					"$(PROJECT_DIR)",
				);
				INFOPLIST_FILE = Resources/Info.plist;
				IPHONEOS_DEPLOYMENT_TARGET = 8.0;
				LD_RUNPATH_SEARCH_PATHS = "$(inherited) @executable_path/Frameworks";
				PRODUCT_BUNDLE_IDENTIFIER = xyz.gfelot.WIMB;
				PRODUCT_NAME = WIMB;
				SWIFT_OBJC_BRIDGING_HEADER = "WIMB/WIMB-Bridging-Header.h";
				SWIFT_OPTIMIZATION_LEVEL = "-Onone";
				TARGETED_DEVICE_FAMILY = 1;
			};
			name = Debug;
		};
		81BA81661A49DA1800E65899 /* Release */ = {
			isa = XCBuildConfiguration;
			baseConfigurationReference = 3E41549BFC6F00A6A443496B /* Pods-WIMB.release.xcconfig */;
			buildSettings = {
				ASSETCATALOG_COMPILER_APPICON_NAME = AppIcon;
				ASSETCATALOG_COMPILER_LAUNCHIMAGE_NAME = LaunchImage;
				CLANG_ENABLE_MODULES = YES;
				CODE_SIGN_IDENTITY = "iPhone Developer";
				FRAMEWORK_SEARCH_PATHS = (
					"$(inherited)",
					"$(PROJECT_DIR)",
				);
				INFOPLIST_FILE = Resources/Info.plist;
				IPHONEOS_DEPLOYMENT_TARGET = 8.0;
				LD_RUNPATH_SEARCH_PATHS = "$(inherited) @executable_path/Frameworks";
				PRODUCT_BUNDLE_IDENTIFIER = xyz.gfelot.WIMB;
				PRODUCT_NAME = WIMB;
				SWIFT_OBJC_BRIDGING_HEADER = "WIMB/WIMB-Bridging-Header.h";
				TARGETED_DEVICE_FAMILY = 1;
			};
			name = Release;
		};
/* End XCBuildConfiguration section */

/* Begin XCConfigurationList section */
		81BA81401A49DA1800E65899 /* Build configuration list for PBXProject "WIMB" */ = {
			isa = XCConfigurationList;
			buildConfigurations = (
				81BA81621A49DA1800E65899 /* Debug */,
				81BA81631A49DA1800E65899 /* Release */,
			);
			defaultConfigurationIsVisible = 0;
			defaultConfigurationName = Release;
		};
		81BA81641A49DA1800E65899 /* Build configuration list for PBXNativeTarget "WIMB" */ = {
			isa = XCConfigurationList;
			buildConfigurations = (
				81BA81651A49DA1800E65899 /* Debug */,
				81BA81661A49DA1800E65899 /* Release */,
			);
			defaultConfigurationIsVisible = 0;
			defaultConfigurationName = Release;
		};
/* End XCConfigurationList section */
	};
	rootObject = 81BA813D1A49DA1800E65899 /* Project object */;
}
